
Microsoft Visual Studio Solution File, Format Version 12.00
# Visual Studio Version 17
VisualStudioVersion = 17.7.34221.43
MinimumVisualStudioVersion = 10.0.40219.1
Project("{FAE04EC0-301F-11D3-BF4B-00C04F79EFBC}") = "Lab5", "Lab5.csproj", "{1ECAD391-7856-42BE-95E7-59E2829DD9DC}"
EndProject
Global
	GlobalSection(SolutionConfigurationPlatforms) = preSolution
		Debug|Any CPU = Debug|Any CPU
		Release|Any CPU = Release|Any CPU
	EndGlobalSection
	GlobalSection(ProjectConfigurationPlatforms) = postSolution
		{1ECAD391-7856-42BE-95E7-59E2829DD9DC}.Debug|Any CPU.ActiveCfg = Debug|Any CPU
		{1ECAD391-7856-42BE-95E7-59E2829DD9DC}.Debug|Any CPU.Build.0 = Debug|Any CPU
		{1ECAD391-7856-42BE-95E7-59E2829DD9DC}.Release|Any CPU.ActiveCfg = Release|Any CPU
		{1ECAD391-7856-42BE-95E7-59E2829DD9DC}.Release|Any CPU.Build.0 = Release|Any CPU
	EndGlobalSection
	GlobalSection(SolutionProperties) = preSolution
		HideSolutionNode = FALSE
	EndGlobalSection
	GlobalSection(ExtensibilityGlobals) = postSolution
		SolutionGuid = {52F89ED8-269A-418A-B391-6D9843A7BCFE}
	EndGlobalSection
EndGlobal
